
Microsoft Visual Studio Solution File, Format Version 12.00
# Visual Studio Version 17
VisualStudioVersion = 17.14.36414.22 d17.14
MinimumVisualStudioVersion = 10.0.40219.1
Project("{FAE04EC0-301F-11D3-BF4B-00C04F79EFBC}") = "Multiplications", "Multiplications\Multiplications.csproj", "{EF07A3D5-3CAF-4789-A7E6-9D558BB9ACD4}"
EndProject
Global
	GlobalSection(SolutionConfigurationPlatforms) = preSolution
		Debug|Any CPU = Debug|Any CPU
		Release|Any CPU = Release|Any CPU
	EndGlobalSection
	GlobalSection(ProjectConfigurationPlatforms) = postSolution
		{EF07A3D5-3CAF-4789-A7E6-9D558BB9ACD4}.Debug|Any CPU.ActiveCfg = Debug|Any CPU
		{EF07A3D5-3CAF-4789-A7E6-9D558BB9ACD4}.Debug|Any CPU.Build.0 = Debug|Any CPU
		{EF07A3D5-3CAF-4789-A7E6-9D558BB9ACD4}.Release|Any CPU.ActiveCfg = Release|Any CPU
		{EF07A3D5-3CAF-4789-A7E6-9D558BB9ACD4}.Release|Any CPU.Build.0 = Release|Any CPU
	EndGlobalSection
	GlobalSection(SolutionProperties) = preSolution
		HideSolutionNode = FALSE
	EndGlobalSection
	GlobalSection(ExtensibilityGlobals) = postSolution
		SolutionGuid = {510F6A3B-13DA-4C55-9B23-C07B98EF68D5}
	EndGlobalSection
EndGlobal
